# This file is automatically @generated by Cargo.
# It is not intended for manual editing.
[[package]]
name = "clang"
version = "0.23.0"
source = "registry+https://github.com/rust-lang/crates.io-index"
checksum = "edaa418fdc81a329f3c8258a4e8776f7d2c31682147c5bda1c5c37ab8e818114"
dependencies = [
 "clang-sys",
 "libc",
]

[[package]]
name = "clang-sys"
version = "0.28.1"
source = "registry+https://github.com/rust-lang/crates.io-index"
checksum = "81de550971c976f176130da4b2978d3b524eaa0fd9ac31f3ceb5ae1231fb4853"
dependencies = [
 "glob",
 "libc",
]

[[package]]
name = "glob"
version = "0.3.0"
source = "registry+https://github.com/rust-lang/crates.io-index"
checksum = "9b919933a397b79c37e33b77bb2aa3dc8eb6e165ad809e58ff75bc7db2e34574"

[[package]]
name = "libc"
version = "0.2.68"
source = "registry+https://github.com/rust-lang/crates.io-index"
checksum = "dea0c0405123bba743ee3f91f49b1c7cfb684eef0da0a50110f758ccf24cdff0"

[[package]]
name = "roxmltree"
version = "0.9.1"
source = "registry+https://github.com/rust-lang/crates.io-index"
checksum = "99d696b20b92d3e02e08fd8456f0ab03007c99e6b111a6205b9cb6fc044d0957"
dependencies = [
 "xmlparser",
]

[[package]]
name = "xml_attempt"
version = "0.1.0"
dependencies = [
 "clang",
 "roxmltree",
]

[[package]]
name = "xmlparser"
version = "0.13.0"
source = "registry+https://github.com/rust-lang/crates.io-index"
checksum = "b16981128b9e811347d0e72c25b2b22773da22b6dc30282846ad50427e89ba97"
